
Microsoft Visual Studio Solution File, Format Version 12.00
Project("{FAE04EC0-301F-11D3-BF4B-00C04F79EFBC}") = "StarWarsProgressBarIssueTracker.App", "StarWarsProgressBarIssueTracker.App\StarWarsProgressBarIssueTracker.App.csproj", "{D4221981-65C0-487A-96F3-F4A673FE8206}"
EndProject
Project("{2150E333-8FDC-42A3-9474-1A3956D46DE8}") = ".meta", ".meta", "{86AE95DA-23E3-4778-BA05-A8AA47509F09}"
	ProjectSection(SolutionItems) = preProject
		.editorconfig = .editorconfig
		.gitignore = .gitignore
		.config\dotnet-tools.json = .config\dotnet-tools.json
	EndProjectSection
EndProject
Project("{2150E333-8FDC-42A3-9474-1A3956D46DE8}") = "Build", "Build", "{705452CE-6D9D-468E-9148-51BB8279812D}"
	ProjectSection(SolutionItems) = preProject
		Directory.Build.props = Directory.Build.props
		Directory.Build.targets = Directory.Build.targets
		global.json = global.json
		Directory.Packages.props = Directory.Packages.props
	EndProjectSection
EndProject
Project("{FAE04EC0-301F-11D3-BF4B-00C04F79EFBC}") = "StarWarsProgressBarIssueTracker.Domain", "StarWarsProgressBarIssueTracker.Domain\StarWarsProgressBarIssueTracker.Domain.csproj", "{69A87A6D-A232-4F4A-B01A-B5072D2F7BDE}"
EndProject
Project("{FAE04EC0-301F-11D3-BF4B-00C04F79EFBC}") = "StarWarsProgressBarIssueTracker.Domain.Tests", "StarWarsProgressBarIssueTracker.Domain.Tests\StarWarsProgressBarIssueTracker.Domain.Tests.csproj", "{8CDFCA54-445E-4B5D-B32D-8E6B3E629417}"
EndProject
Project("{2150E333-8FDC-42A3-9474-1A3956D46DE8}") = "git hooks", "git hooks", "{A854F50E-9FA0-420C-B764-E56137D66B62}"
	ProjectSection(SolutionItems) = preProject
		.husky\task-runner.json = .husky\task-runner.json
		.husky\_\husky.sh = .husky\_\husky.sh
		.husky\post-checkout = .husky\post-checkout
		.husky\post-commit = .husky\post-commit
		.husky\post-merge = .husky\post-merge
		.husky\pre-push = .husky\pre-push
		.husky\csx\commit-lint.csx = .husky\csx\commit-lint.csx
		.husky\commit-msg = .husky\commit-msg
		.husky\pre-commit = .husky\pre-commit
	EndProjectSection
EndProject
Project("{2150E333-8FDC-42A3-9474-1A3956D46DE8}") = "Docs", "Docs", "{5D23A55C-DFFE-40D8-9168-6AE8CC9DDFFD}"
	ProjectSection(SolutionItems) = preProject
		LICENSE = LICENSE
		README.md = README.md
		CHANGELOG.md = CHANGELOG.md
	EndProjectSection
EndProject
Project("{FAE04EC0-301F-11D3-BF4B-00C04F79EFBC}") = "StarWarsProgressBarIssueTracker.Infrastructure", "StarWarsProgressBarIssueTracker.Infrastructure\StarWarsProgressBarIssueTracker.Infrastructure.csproj", "{DE7C2874-1C2C-4F74-B1DC-F09868D2224F}"
EndProject
Project("{FAE04EC0-301F-11D3-BF4B-00C04F79EFBC}") = "StarWarsProgressBarIssueTracker.App.Tests", "StarWarsProgressBarIssueTracker.App.Tests\StarWarsProgressBarIssueTracker.App.Tests.csproj", "{735AF988-6C10-41BC-B517-95321ADAC2C7}"
EndProject
Project("{2150E333-8FDC-42A3-9474-1A3956D46DE8}") = "Docker", "Docker", "{BE060075-7C09-4ACE-A316-49097DF9E3B3}"
EndProject
Project("{FAE04EC0-301F-11D3-BF4B-00C04F79EFBC}") = "docker-compose", "docker-compose.dcproj", "{572A772B-BDFC-4CA5-B3F2-C1CB8EA866F4}"
EndProject
Project("{2150E333-8FDC-42A3-9474-1A3956D46DE8}") = ".workflows", ".workflows", "{E401EFCA-A58F-43C4-A3B0-189ADD6D9B85}"
	ProjectSection(SolutionItems) = preProject
		.github\dependabot.yml = .github\dependabot.yml
		.github\workflows\test.yml = .github\workflows\test.yml
		.github\workflows\update-dotnet-sdk.yml = .github\workflows\update-dotnet-sdk.yml
		.github\workflows\update-nuget-packages.yml = .github\workflows\update-nuget-packages.yml
	EndProjectSection
EndProject
Project("{FAE04EC0-301F-11D3-BF4B-00C04F79EFBC}") = "StarWarsProgressBarIssueTracker.Infrastructure.GitHub", "StarWarsProgressBarIssueTracker.Infrastructure.GitHub\StarWarsProgressBarIssueTracker.Infrastructure.GitHub.csproj", "{6820DDF7-48EC-4C94-9267-F2B9A4B14A8C}"
EndProject
Project("{FAE04EC0-301F-11D3-BF4B-00C04F79EFBC}") = "StarWarsProgressBarIssueTracker.Infrastructure.Gitlab", "StarWarsProgressBarIssueTracker.Infrastructure.Gitlab\StarWarsProgressBarIssueTracker.Infrastructure.Gitlab.csproj", "{811E2611-6C6C-4862-BD62-DD733277EF7B}"
EndProject
Project("{FAE04EC0-301F-11D3-BF4B-00C04F79EFBC}") = "StarWarsProgressBarIssueTracker.Common.Tests", "StarWarsProgressBarIssueTracker.Common.Tests\StarWarsProgressBarIssueTracker.Common.Tests.csproj", "{F1A09103-0542-467F-A201-3710B2693D9C}"
EndProject
Project("{FAE04EC0-301F-11D3-BF4B-00C04F79EFBC}") = "StarWarsProgressBarIssueTracker.Infrastructure.Gitlab.Tests", "StarWarsProgressBarIssueTracker.Infrastructure.Gitlab.Tests\StarWarsProgressBarIssueTracker.Infrastructure.Gitlab.Tests.csproj", "{0CDDB87C-374B-46E9-AC0F-1DD07305D321}"
EndProject
Project("{FAE04EC0-301F-11D3-BF4B-00C04F79EFBC}") = "StarWarsProgressBarIssueTracker.Infrastructure.Tests", "StarWarsProgressBarIssueTracker.Infrastructure.Tests\StarWarsProgressBarIssueTracker.Infrastructure.Tests.csproj", "{CB1804F6-98F6-4581-B751-1C313D968BB2}"
EndProject
Global
	GlobalSection(SolutionConfigurationPlatforms) = preSolution
		Debug|Any CPU = Debug|Any CPU
		Release|Any CPU = Release|Any CPU
	EndGlobalSection
	GlobalSection(ProjectConfigurationPlatforms) = postSolution
		{D4221981-65C0-487A-96F3-F4A673FE8206}.Debug|Any CPU.ActiveCfg = Debug|Any CPU
		{D4221981-65C0-487A-96F3-F4A673FE8206}.Debug|Any CPU.Build.0 = Debug|Any CPU
		{D4221981-65C0-487A-96F3-F4A673FE8206}.Release|Any CPU.ActiveCfg = Release|Any CPU
		{D4221981-65C0-487A-96F3-F4A673FE8206}.Release|Any CPU.Build.0 = Release|Any CPU
		{69A87A6D-A232-4F4A-B01A-B5072D2F7BDE}.Debug|Any CPU.ActiveCfg = Debug|Any CPU
		{69A87A6D-A232-4F4A-B01A-B5072D2F7BDE}.Debug|Any CPU.Build.0 = Debug|Any CPU
		{69A87A6D-A232-4F4A-B01A-B5072D2F7BDE}.Release|Any CPU.ActiveCfg = Release|Any CPU
		{69A87A6D-A232-4F4A-B01A-B5072D2F7BDE}.Release|Any CPU.Build.0 = Release|Any CPU
		{8CDFCA54-445E-4B5D-B32D-8E6B3E629417}.Debug|Any CPU.ActiveCfg = Debug|Any CPU
		{8CDFCA54-445E-4B5D-B32D-8E6B3E629417}.Debug|Any CPU.Build.0 = Debug|Any CPU
		{8CDFCA54-445E-4B5D-B32D-8E6B3E629417}.Release|Any CPU.ActiveCfg = Release|Any CPU
		{8CDFCA54-445E-4B5D-B32D-8E6B3E629417}.Release|Any CPU.Build.0 = Release|Any CPU
		{DE7C2874-1C2C-4F74-B1DC-F09868D2224F}.Debug|Any CPU.ActiveCfg = Debug|Any CPU
		{DE7C2874-1C2C-4F74-B1DC-F09868D2224F}.Debug|Any CPU.Build.0 = Debug|Any CPU
		{DE7C2874-1C2C-4F74-B1DC-F09868D2224F}.Release|Any CPU.ActiveCfg = Release|Any CPU
		{DE7C2874-1C2C-4F74-B1DC-F09868D2224F}.Release|Any CPU.Build.0 = Release|Any CPU
		{735AF988-6C10-41BC-B517-95321ADAC2C7}.Debug|Any CPU.ActiveCfg = Debug|Any CPU
		{735AF988-6C10-41BC-B517-95321ADAC2C7}.Debug|Any CPU.Build.0 = Debug|Any CPU
		{735AF988-6C10-41BC-B517-95321ADAC2C7}.Release|Any CPU.ActiveCfg = Release|Any CPU
		{735AF988-6C10-41BC-B517-95321ADAC2C7}.Release|Any CPU.Build.0 = Release|Any CPU
		{572A772B-BDFC-4CA5-B3F2-C1CB8EA866F4}.Debug|Any CPU.ActiveCfg = Debug|Any CPU
		{572A772B-BDFC-4CA5-B3F2-C1CB8EA866F4}.Debug|Any CPU.Build.0 = Debug|Any CPU
		{572A772B-BDFC-4CA5-B3F2-C1CB8EA866F4}.Release|Any CPU.ActiveCfg = Release|Any CPU
		{572A772B-BDFC-4CA5-B3F2-C1CB8EA866F4}.Release|Any CPU.Build.0 = Release|Any CPU
		{6820DDF7-48EC-4C94-9267-F2B9A4B14A8C}.Debug|Any CPU.ActiveCfg = Debug|Any CPU
		{6820DDF7-48EC-4C94-9267-F2B9A4B14A8C}.Debug|Any CPU.Build.0 = Debug|Any CPU
		{6820DDF7-48EC-4C94-9267-F2B9A4B14A8C}.Release|Any CPU.ActiveCfg = Release|Any CPU
		{6820DDF7-48EC-4C94-9267-F2B9A4B14A8C}.Release|Any CPU.Build.0 = Release|Any CPU
		{811E2611-6C6C-4862-BD62-DD733277EF7B}.Debug|Any CPU.ActiveCfg = Debug|Any CPU
		{811E2611-6C6C-4862-BD62-DD733277EF7B}.Debug|Any CPU.Build.0 = Debug|Any CPU
		{811E2611-6C6C-4862-BD62-DD733277EF7B}.Release|Any CPU.ActiveCfg = Release|Any CPU
		{811E2611-6C6C-4862-BD62-DD733277EF7B}.Release|Any CPU.Build.0 = Release|Any CPU
		{F1A09103-0542-467F-A201-3710B2693D9C}.Debug|Any CPU.ActiveCfg = Debug|Any CPU
		{F1A09103-0542-467F-A201-3710B2693D9C}.Debug|Any CPU.Build.0 = Debug|Any CPU
		{F1A09103-0542-467F-A201-3710B2693D9C}.Release|Any CPU.ActiveCfg = Release|Any CPU
		{F1A09103-0542-467F-A201-3710B2693D9C}.Release|Any CPU.Build.0 = Release|Any CPU
		{0CDDB87C-374B-46E9-AC0F-1DD07305D321}.Debug|Any CPU.ActiveCfg = Debug|Any CPU
		{0CDDB87C-374B-46E9-AC0F-1DD07305D321}.Debug|Any CPU.Build.0 = Debug|Any CPU
		{0CDDB87C-374B-46E9-AC0F-1DD07305D321}.Release|Any CPU.ActiveCfg = Release|Any CPU
		{0CDDB87C-374B-46E9-AC0F-1DD07305D321}.Release|Any CPU.Build.0 = Release|Any CPU
		{CB1804F6-98F6-4581-B751-1C313D968BB2}.Debug|Any CPU.ActiveCfg = Debug|Any CPU
		{CB1804F6-98F6-4581-B751-1C313D968BB2}.Debug|Any CPU.Build.0 = Debug|Any CPU
		{CB1804F6-98F6-4581-B751-1C313D968BB2}.Release|Any CPU.ActiveCfg = Release|Any CPU
		{CB1804F6-98F6-4581-B751-1C313D968BB2}.Release|Any CPU.Build.0 = Release|Any CPU
	EndGlobalSection
	GlobalSection(NestedProjects) = preSolution
		{705452CE-6D9D-468E-9148-51BB8279812D} = {86AE95DA-23E3-4778-BA05-A8AA47509F09}
		{A854F50E-9FA0-420C-B764-E56137D66B62} = {86AE95DA-23E3-4778-BA05-A8AA47509F09}
		{5D23A55C-DFFE-40D8-9168-6AE8CC9DDFFD} = {86AE95DA-23E3-4778-BA05-A8AA47509F09}
		{BE060075-7C09-4ACE-A316-49097DF9E3B3} = {86AE95DA-23E3-4778-BA05-A8AA47509F09}
		{E401EFCA-A58F-43C4-A3B0-189ADD6D9B85} = {86AE95DA-23E3-4778-BA05-A8AA47509F09}
	EndGlobalSection
EndGlobal
